{
  "lockfileVersion": 1,
  "workspaces": {
    "": {
      "name": "bunpeg",
      "dependencies": {
        "@prisma/client": "6.9.0",
        "busboy": "1.6.0",
        "nanoid": "5.1.5",
        "zod": "3.25.46",
      },
      "devDependencies": {
        "@types/bun": "1.2.15",
        "@types/busboy": "1.5.4",
        "prisma": "6.9.0",
      },
      "peerDependencies": {
        "typescript": "5.8.3",
      },
    },
  },
  "packages": {
    "@prisma/client": ["@prisma/client@6.9.0", "", { "peerDependencies": { "prisma": "*", "typescript": ">=5.1.0" }, "optionalPeers": ["prisma", "typescript"] }, "sha512-Gg7j1hwy3SgF1KHrh0PZsYvAaykeR0PaxusnLXydehS96voYCGt1U5zVR31NIouYc63hWzidcrir1a7AIyCsNQ=="],

    "@prisma/config": ["@prisma/config@6.9.0", "", { "dependencies": { "jiti": "2.4.2" } }, "sha512-Wcfk8/lN3WRJd5w4jmNQkUwhUw0eksaU/+BlAJwPQKW10k0h0LC9PD/6TQFmqKVbHQL0vG2z266r0S1MPzzhbA=="],

    "@prisma/debug": ["@prisma/debug@6.9.0", "", {}, "sha512-bFeur/qi/Q+Mqk4JdQ3R38upSYPebv5aOyD1RKywVD+rAMLtRkmTFn28ZuTtVOnZHEdtxnNOCH+bPIeSGz1+Fg=="],

    "@prisma/engines": ["@prisma/engines@6.9.0", "", { "dependencies": { "@prisma/debug": "6.9.0", "@prisma/engines-version": "6.9.0-10.81e4af48011447c3cc503a190e86995b66d2a28e", "@prisma/fetch-engine": "6.9.0", "@prisma/get-platform": "6.9.0" } }, "sha512-im0X0bwDLA0244CDf8fuvnLuCQcBBdAGgr+ByvGfQY9wWl6EA+kRGwVk8ZIpG65rnlOwtaWIr/ZcEU5pNVvq9g=="],

    "@prisma/engines-version": ["@prisma/engines-version@6.9.0-10.81e4af48011447c3cc503a190e86995b66d2a28e", "", {}, "sha512-Qp9gMoBHgqhKlrvumZWujmuD7q4DV/gooEyPCLtbkc13EZdSz2RsGUJ5mHb3RJgAbk+dm6XenqG7obJEhXcJ6Q=="],

    "@prisma/fetch-engine": ["@prisma/fetch-engine@6.9.0", "", { "dependencies": { "@prisma/debug": "6.9.0", "@prisma/engines-version": "6.9.0-10.81e4af48011447c3cc503a190e86995b66d2a28e", "@prisma/get-platform": "6.9.0" } }, "sha512-PMKhJdl4fOdeE3J3NkcWZ+tf3W6rx3ht/rLU8w4SXFRcLhd5+3VcqY4Kslpdm8osca4ej3gTfB3+cSk5pGxgFg=="],

    "@prisma/get-platform": ["@prisma/get-platform@6.9.0", "", { "dependencies": { "@prisma/debug": "6.9.0" } }, "sha512-/B4n+5V1LI/1JQcHp+sUpyRT1bBgZVPHbsC4lt4/19Xp4jvNIVcq5KYNtQDk5e/ukTSjo9PZVAxxy9ieFtlpTQ=="],

    "@types/bun": ["@types/bun@1.2.15", "", { "dependencies": { "bun-types": "1.2.15" } }, "sha512-U1ljPdBEphF0nw1MIk0hI7kPg7dFdPyM7EenHsp6W5loNHl7zqy6JQf/RKCgnUn2KDzUpkBwHPnEJEjII594bA=="],

    "@types/busboy": ["@types/busboy@1.5.4", "", { "dependencies": { "@types/node": "*" } }, "sha512-kG7WrUuAKK0NoyxfQHsVE6j1m01s6kMma64E+OZenQABMQyTJop1DumUWcLwAQ2JzpefU7PDYoRDKl8uZosFjw=="],

    "@types/node": ["@types/node@22.15.29", "", { "dependencies": { "undici-types": "~6.21.0" } }, "sha512-LNdjOkUDlU1RZb8e1kOIUpN1qQUlzGkEtbVNo53vbrwDg5om6oduhm4SiUaPW5ASTXhAiP0jInWG8Qx9fVlOeQ=="],

    "bun-types": ["bun-types@1.2.15", "", { "dependencies": { "@types/node": "*" } }, "sha512-NarRIaS+iOaQU1JPfyKhZm4AsUOrwUOqRNHY0XxI8GI8jYxiLXLcdjYMG9UKS+fwWasc1uw1htV9AX24dD+p4w=="],

    "busboy": ["busboy@1.6.0", "", { "dependencies": { "streamsearch": "^1.1.0" } }, "sha512-8SFQbg/0hQ9xy3UNTB0YEnsNBbWfhf7RtnzpL7TkBiTBRfrQ9Fxcnz7VJsleJpyp6rVLvXiuORqjlHi5q+PYuA=="],

    "jiti": ["jiti@2.4.2", "", { "bin": { "jiti": "lib/jiti-cli.mjs" } }, "sha512-rg9zJN+G4n2nfJl5MW3BMygZX56zKPNVEYYqq7adpmMh4Jn2QNEwhvQlFy6jPVdcod7txZtKHWnyZiA3a0zP7A=="],

    "nanoid": ["nanoid@5.1.5", "", { "bin": { "nanoid": "bin/nanoid.js" } }, "sha512-Ir/+ZpE9fDsNH0hQ3C68uyThDXzYcim2EqcZ8zn8Chtt1iylPT9xXJB0kPCnqzgcEGikO9RxSrh63MsmVCU7Fw=="],

    "prisma": ["prisma@6.9.0", "", { "dependencies": { "@prisma/config": "6.9.0", "@prisma/engines": "6.9.0" }, "peerDependencies": { "typescript": ">=5.1.0" }, "optionalPeers": ["typescript"], "bin": { "prisma": "build/index.js" } }, "sha512-resJAwMyZREC/I40LF6FZ6rZTnlrlrYrb63oW37Gq+U+9xHwbyMSPJjKtM7VZf3gTO86t/Oyz+YeSXr3CmAY1Q=="],

    "streamsearch": ["streamsearch@1.1.0", "", {}, "sha512-Mcc5wHehp9aXz1ax6bZUyY5afg9u2rv5cqQI3mRrYkGC8rW2hM02jWuwjtL++LS5qinSyhj2QfLyNsuc+VsExg=="],

    "typescript": ["typescript@5.8.3", "", { "bin": { "tsc": "bin/tsc", "tsserver": "bin/tsserver" } }, "sha512-p1diW6TqL9L07nNxvRMM7hMMw4c5XOo/1ibL4aAIGmSAt9slTE1Xgw5KWuof2uTOvCg9BY7ZRi+GaF+7sfgPeQ=="],

    "undici-types": ["undici-types@6.21.0", "", {}, "sha512-iwDZqg0QAGrg9Rav5H4n0M64c3mkR59cJ6wQp+7C4nI0gsmExaedaYLNO44eT4AtBBwjbTiGPMlt2Md0T9H9JQ=="],

    "zod": ["zod@3.25.46", "", {}, "sha512-IqRxcHEIjqLd4LNS/zKffB3Jzg3NwqJxQQ0Ns7pdrvgGkwQsEBdEQcOHaBVqvvZArShRzI39+aMST3FBGmTrLQ=="],
  }
}
